
Microsoft Visual Studio Solution File, Format Version 11.00
# Visual Studio 2010
Project("{FAE04EC0-301F-11D3-BF4B-00C04F79EFBC}") = "ReverseRat", "ReverseRat\ReverseRat.csproj", "{1FAB516A-B621-4DE4-8B42-EC133B9173D9}"
EndProject
Global
	GlobalSection(SolutionConfigurationPlatforms) = preSolution
		Debug|Any CPU = Debug|Any CPU
		Release|Any CPU = Release|Any CPU
	EndGlobalSection
	GlobalSection(ProjectConfigurationPlatforms) = postSolution
		{1FAB516A-B621-4DE4-8B42-EC133B9173D9}.Debug|Any CPU.ActiveCfg = Debug|Any CPU
		{1FAB516A-B621-4DE4-8B42-EC133B9173D9}.Debug|Any CPU.Build.0 = Debug|Any CPU
		{1FAB516A-B621-4DE4-8B42-EC133B9173D9}.Release|Any CPU.ActiveCfg = Release|Any CPU
		{1FAB516A-B621-4DE4-8B42-EC133B9173D9}.Release|Any CPU.Build.0 = Release|Any CPU
	EndGlobalSection
	GlobalSection(SolutionProperties) = preSolution
		HideSolutionNode = FALSE
	EndGlobalSection
EndGlobal
